
Microsoft Visual Studio Solution File, Format Version 12.00
# Visual Studio Version 17
VisualStudioVersion = 17.3.32825.248
MinimumVisualStudioVersion = 10.0.40219.1
Project("{FAE04EC0-301F-11D3-BF4B-00C04F79EFBC}") = "linqpractise01", "linqpractise01\linqpractise01.csproj", "{B565A895-D803-487C-9F0E-0C6E10DB020E}"
EndProject
Project("{FAE04EC0-301F-11D3-BF4B-00C04F79EFBC}") = "linqpractise02", "linqpractise02\linqpractise02.csproj", "{A49ADBDB-D5F3-4484-8805-4E2EBFEF049B}"
EndProject
Global
	GlobalSection(SolutionConfigurationPlatforms) = preSolution
		Debug|Any CPU = Debug|Any CPU
		Release|Any CPU = Release|Any CPU
	EndGlobalSection
	GlobalSection(ProjectConfigurationPlatforms) = postSolution
		{B565A895-D803-487C-9F0E-0C6E10DB020E}.Debug|Any CPU.ActiveCfg = Debug|Any CPU
		{B565A895-D803-487C-9F0E-0C6E10DB020E}.Debug|Any CPU.Build.0 = Debug|Any CPU
		{B565A895-D803-487C-9F0E-0C6E10DB020E}.Release|Any CPU.ActiveCfg = Release|Any CPU
		{B565A895-D803-487C-9F0E-0C6E10DB020E}.Release|Any CPU.Build.0 = Release|Any CPU
		{A49ADBDB-D5F3-4484-8805-4E2EBFEF049B}.Debug|Any CPU.ActiveCfg = Debug|Any CPU
		{A49ADBDB-D5F3-4484-8805-4E2EBFEF049B}.Debug|Any CPU.Build.0 = Debug|Any CPU
		{A49ADBDB-D5F3-4484-8805-4E2EBFEF049B}.Release|Any CPU.ActiveCfg = Release|Any CPU
		{A49ADBDB-D5F3-4484-8805-4E2EBFEF049B}.Release|Any CPU.Build.0 = Release|Any CPU
	EndGlobalSection
	GlobalSection(SolutionProperties) = preSolution
		HideSolutionNode = FALSE
	EndGlobalSection
	GlobalSection(ExtensibilityGlobals) = postSolution
		SolutionGuid = {C2E7BB6F-3EEC-4290-A741-8EE907A132CE}
	EndGlobalSection
EndGlobal
